# This file is automatically @generated by Cargo.
# It is not intended for manual editing.
version = 4

[[package]]
name = "arrayvec"
version = "0.7.8"
source = "registry+https://github.com/rust-lang/crates.io-index"
checksum = "d3fb67a6e08acf24fdeccbac2cb6ac4305825bd1f117462e0e6f2f193345ad56"

[[package]]
name = "bitflags"
version = "2.13.1"
source = "registry+https://github.com/rust-lang/crates.io-index"
checksum = "b588b76d00fde79687d7646a9b5bdf3cc0f655e0bbd080335a95d7e96f3587da"

[[package]]
name = "clawsembly-nested-wasm"
version = "0.0.0"
dependencies = [
 "wasmi_c_api_impl",
]

[[package]]
name = "downcast-rs"
version = "1.2.1"
source = "registry+https://github.com/rust-lang/crates.io-index"
checksum = "75b325c5dbd37f80359721ad39aca5a29fb04c89279657cffdda8736d0c0b9d2"

[[package]]
name = "libm"
version = "0.2.16"
source = "registry+https://github.com/rust-lang/crates.io-index"
checksum = "b6d2cec3eae94f9f509c767b45932f1ada8350c4bdb85af2fcab4a3c14807981"

[[package]]
name = "multi-stash"
version = "0.2.0"
source = "registry+https://github.com/rust-lang/crates.io-index"
checksum = "685a9ac4b61f4e728e1d2c6a7844609c16527aeb5e6c865915c08e619c16410f"

[[package]]
name = "proc-macro2"
version = "1.0.107"
source = "registry+https://github.com/rust-lang/crates.io-index"
checksum = "985e7ec9bb745e6ce6535b544d84d6cd6f7ad8bd711c398938ae983b91a766d9"
dependencies = [
 "unicode-ident",
]

[[package]]
name = "quote"
version = "1.0.47"
source = "registry+https://github.com/rust-lang/crates.io-index"
checksum = "1fbf4db142a473a8d80c26bbf18454ed458bf8d26c8219c331daecfdbd079001"
dependencies = [
 "proc-macro2",
]

[[package]]
name = "smallvec"
version = "1.15.2"
source = "registry+https://github.com/rust-lang/crates.io-index"
checksum = "8ed6a63f02c8539c91a8685a86f4099661ba3da017932f6ebbea6de3f0fa7c90"

[[package]]
name = "spin"
version = "0.9.9"
source = "registry+https://github.com/rust-lang/crates.io-index"
checksum = "3763264f6b73151db08c50ff20d7d8a0b8796e021cdea7ceedad07b80155fa0e"

[[package]]
name = "unicode-ident"
version = "1.0.24"
source = "registry+https://github.com/rust-lang/crates.io-index"
checksum = "e6e4313cd5fcd3dad5cafa179702e2b244f760991f45397d14d4ebf38247da75"

[[package]]
name = "wasmi"
version = "0.40.0"
source = "registry+https://github.com/rust-lang/crates.io-index"
checksum = "a19af97fcb96045dd1d6b4d23e2b4abdbbe81723dbc5c9f016eb52145b320063"
dependencies = [
 "arrayvec",
 "multi-stash",
 "smallvec",
 "spin",
 "wasmi_collections",
 "wasmi_core",
 "wasmi_ir",
 "wasmparser",
]

[[package]]
name = "wasmi_c_api_impl"
version = "0.40.0"
source = "registry+https://github.com/rust-lang/crates.io-index"
checksum = "45e45f29eb7b0a2c0789c3c8075fc9c2c05182d6be2222702c6c848f72a2c2df"
dependencies = [
 "wasmi",
 "wasmi_c_api_macros",
]

[[package]]
name = "wasmi_c_api_macros"
version = "0.40.0"
source = "registry+https://github.com/rust-lang/crates.io-index"
checksum = "e03aa7908b941120f347018583d474de0950ca1eae5bc3f6cb680e0f9fbd7695"
dependencies = [
 "proc-macro2",
 "quote",
]

[[package]]
name = "wasmi_collections"
version = "0.40.0"
source = "registry+https://github.com/rust-lang/crates.io-index"
checksum = "e80d6b275b1c922021939d561574bf376613493ae2b61c6963b15db0e8813562"

[[package]]
name = "wasmi_core"
version = "0.40.0"
source = "registry+https://github.com/rust-lang/crates.io-index"
checksum = "3a8c51482cc32d31c2c7ff211cd2bedd73c5bd057ba16a2ed0110e7a96097c33"
dependencies = [
 "downcast-rs",
 "libm",
]

[[package]]
name = "wasmi_ir"
version = "0.40.0"
source = "registry+https://github.com/rust-lang/crates.io-index"
checksum = "6e431a14c186db59212a88516788bd68ed51f87aa1e08d1df742522867b5289a"
dependencies = [
 "wasmi_core",
]

[[package]]
name = "wasmparser"
version = "0.221.3"
source = "registry+https://github.com/rust-lang/crates.io-index"
checksum = "d06bfa36ab3ac2be0dee563380147a5b81ba10dd8885d7fbbc9eb574be67d185"
dependencies = [
 "bitflags",
]
